
Microsoft Visual Studio Solution File, Format Version 12.00
# Visual Studio Version 17
VisualStudioVersion = 17.3.32819.101
MinimumVisualStudioVersion = 10.0.40219.1
Project("{FAE04EC0-301F-11D3-BF4B-00C04F79EFBC}") = "3inRow", "3inRow.csproj", "{E859A22D-E9B5-4723-AD39-26348AA87E1B}"
EndProject
Global
	GlobalSection(SolutionConfigurationPlatforms) = preSolution
		Debug|Any CPU = Debug|Any CPU
		Release|Any CPU = Release|Any CPU
	EndGlobalSection
	GlobalSection(ProjectConfigurationPlatforms) = postSolution
		{E859A22D-E9B5-4723-AD39-26348AA87E1B}.Debug|Any CPU.ActiveCfg = Debug|Any CPU
		{E859A22D-E9B5-4723-AD39-26348AA87E1B}.Debug|Any CPU.Build.0 = Debug|Any CPU
		{E859A22D-E9B5-4723-AD39-26348AA87E1B}.Release|Any CPU.ActiveCfg = Release|Any CPU
		{E859A22D-E9B5-4723-AD39-26348AA87E1B}.Release|Any CPU.Build.0 = Release|Any CPU
	EndGlobalSection
	GlobalSection(SolutionProperties) = preSolution
		HideSolutionNode = FALSE
	EndGlobalSection
	GlobalSection(ExtensibilityGlobals) = postSolution
		SolutionGuid = {E0C66FC3-9CDE-4394-946C-CE4CD952EC5B}
	EndGlobalSection
EndGlobal
